
Microsoft Visual Studio Solution File, Format Version 12.00
# Visual Studio Version 16
VisualStudioVersion = 16.0.29230.47
MinimumVisualStudioVersion = 10.0.40219.1
Project("{FAE04EC0-301F-11D3-BF4B-00C04F79EFBC}") = "WellData", "src\WellData\WellData.csproj", "{4FD5F8CA-AF58-47D2-A2CA-7AB75D1C35E2}"
EndProject
Project("{FAE04EC0-301F-11D3-BF4B-00C04F79EFBC}") = "WellData.Ui", "src\WellData.Ui\WellData.Ui.csproj", "{7D21BFDA-DAD7-4FDD-A636-0055CEE06010}"
EndProject
Project("{FAE04EC0-301F-11D3-BF4B-00C04F79EFBC}") = "WellData.Core.Services", "src\WellData.Core.Services\WellData.Core.Services.csproj", "{9DB72530-03A5-4409-9079-EEF0E71E6AC6}"
EndProject
Project("{FAE04EC0-301F-11D3-BF4B-00C04F79EFBC}") = "WellData.Tests", "src\WellData.Tests\WellData.Tests.csproj", "{3D80E572-70E8-40F7-B547-4FE6635EBE49}"
EndProject
Project("{FAE04EC0-301F-11D3-BF4B-00C04F79EFBC}") = "WellData.Bootstrap", "src\WellData.Bootstrap\WellData.Bootstrap.csproj", "{5193969A-F474-4571-ABF1-475D7773FF9C}"
EndProject
Global
	GlobalSection(SolutionConfigurationPlatforms) = preSolution
		Debug|Any CPU = Debug|Any CPU
		Release|Any CPU = Release|Any CPU
	EndGlobalSection
	GlobalSection(ProjectConfigurationPlatforms) = postSolution
		{4FD5F8CA-AF58-47D2-A2CA-7AB75D1C35E2}.Debug|Any CPU.ActiveCfg = Debug|Any CPU
		{4FD5F8CA-AF58-47D2-A2CA-7AB75D1C35E2}.Debug|Any CPU.Build.0 = Debug|Any CPU
		{4FD5F8CA-AF58-47D2-A2CA-7AB75D1C35E2}.Release|Any CPU.ActiveCfg = Release|Any CPU
		{4FD5F8CA-AF58-47D2-A2CA-7AB75D1C35E2}.Release|Any CPU.Build.0 = Release|Any CPU
		{7D21BFDA-DAD7-4FDD-A636-0055CEE06010}.Debug|Any CPU.ActiveCfg = Debug|Any CPU
		{7D21BFDA-DAD7-4FDD-A636-0055CEE06010}.Debug|Any CPU.Build.0 = Debug|Any CPU
		{7D21BFDA-DAD7-4FDD-A636-0055CEE06010}.Release|Any CPU.ActiveCfg = Release|Any CPU
		{7D21BFDA-DAD7-4FDD-A636-0055CEE06010}.Release|Any CPU.Build.0 = Release|Any CPU
		{9DB72530-03A5-4409-9079-EEF0E71E6AC6}.Debug|Any CPU.ActiveCfg = Debug|Any CPU
		{9DB72530-03A5-4409-9079-EEF0E71E6AC6}.Debug|Any CPU.Build.0 = Debug|Any CPU
		{9DB72530-03A5-4409-9079-EEF0E71E6AC6}.Release|Any CPU.ActiveCfg = Release|Any CPU
		{9DB72530-03A5-4409-9079-EEF0E71E6AC6}.Release|Any CPU.Build.0 = Release|Any CPU
		{3D80E572-70E8-40F7-B547-4FE6635EBE49}.Debug|Any CPU.ActiveCfg = Debug|Any CPU
		{3D80E572-70E8-40F7-B547-4FE6635EBE49}.Debug|Any CPU.Build.0 = Debug|Any CPU
		{3D80E572-70E8-40F7-B547-4FE6635EBE49}.Release|Any CPU.ActiveCfg = Release|Any CPU
		{3D80E572-70E8-40F7-B547-4FE6635EBE49}.Release|Any CPU.Build.0 = Release|Any CPU
		{5193969A-F474-4571-ABF1-475D7773FF9C}.Debug|Any CPU.ActiveCfg = Debug|Any CPU
		{5193969A-F474-4571-ABF1-475D7773FF9C}.Debug|Any CPU.Build.0 = Debug|Any CPU
		{5193969A-F474-4571-ABF1-475D7773FF9C}.Release|Any CPU.ActiveCfg = Release|Any CPU
		{5193969A-F474-4571-ABF1-475D7773FF9C}.Release|Any CPU.Build.0 = Release|Any CPU
	EndGlobalSection
	GlobalSection(SolutionProperties) = preSolution
		HideSolutionNode = FALSE
	EndGlobalSection
	GlobalSection(ExtensibilityGlobals) = postSolution
		SolutionGuid = {DE622FF1-5CA2-4623-BC49-0B04E1694CCA}
	EndGlobalSection
EndGlobal
